
Microsoft Visual Studio Solution File, Format Version 12.00
# Visual Studio Version 17
VisualStudioVersion = 17.10.35122.118
MinimumVisualStudioVersion = 10.0.40219.1
Project("{FAE04EC0-301F-11D3-BF4B-00C04F79EFBC}") = "Assignment31", "Assignment31\Assignment31.csproj", "{F6448024-10E6-47E2-8D35-1DE2B689ADA5}"
EndProject
Global
	GlobalSection(SolutionConfigurationPlatforms) = preSolution
		Debug|Any CPU = Debug|Any CPU
		Release|Any CPU = Release|Any CPU
	EndGlobalSection
	GlobalSection(ProjectConfigurationPlatforms) = postSolution
		{F6448024-10E6-47E2-8D35-1DE2B689ADA5}.Debug|Any CPU.ActiveCfg = Debug|Any CPU
		{F6448024-10E6-47E2-8D35-1DE2B689ADA5}.Debug|Any CPU.Build.0 = Debug|Any CPU
		{F6448024-10E6-47E2-8D35-1DE2B689ADA5}.Release|Any CPU.ActiveCfg = Release|Any CPU
		{F6448024-10E6-47E2-8D35-1DE2B689ADA5}.Release|Any CPU.Build.0 = Release|Any CPU
	EndGlobalSection
	GlobalSection(SolutionProperties) = preSolution
		HideSolutionNode = FALSE
	EndGlobalSection
	GlobalSection(ExtensibilityGlobals) = postSolution
		SolutionGuid = {4CA60E89-C1CD-4379-B74B-D37ED6A2F43F}
	EndGlobalSection
EndGlobal
